// !$*UTF8*$!
{
	archiveVersion = 1;
	classes = {
	};
	objectVersion = 51;
	objects = {

/* Begin PBXBuildFile section */
		2B16A33602EAC67758413C2B /* Pods_TrisysDemo.framework in Frameworks */ = {isa = PBXBuildFile; fileRef = 2089E04A3527499C1894A86D /* Pods_TrisysDemo.framework */; };
		5A33E077A225828922701FE2 /* Pods_TrisysDemoTests.framework in Frameworks */ = {isa = PBXBuildFile; fileRef = 3931D9BDB565707ACD32C1F9 /* Pods_TrisysDemoTests.framework */; };
		976BDE3E266CA57F00E671ED /* AppDelegate.swift in Sources */ = {isa = PBXBuildFile; fileRef = 976BDE3D266CA57F00E671ED /* AppDelegate.swift */; };
		976BDE40266CA57F00E671ED /* SceneDelegate.swift in Sources */ = {isa = PBXBuildFile; fileRef = 976BDE3F266CA57F00E671ED /* SceneDelegate.swift */; };
		976BDE47266CA58100E671ED /* Assets.xcassets in Resources */ = {isa = PBXBuildFile; fileRef = 976BDE46266CA58100E671ED /* Assets.xcassets */; };
		976BDE4A266CA58100E671ED /* LaunchScreen.storyboard in Resources */ = {isa = PBXBuildFile; fileRef = 976BDE48266CA58100E671ED /* LaunchScreen.storyboard */; };
		976BDE55266CA58100E671ED /* TrisysDemoTests.swift in Sources */ = {isa = PBXBuildFile; fileRef = 976BDE54266CA58100E671ED /* TrisysDemoTests.swift */; };
		976BDE60266CA58100E671ED /* TrisysDemoUITests.swift in Sources */ = {isa = PBXBuildFile; fileRef = 976BDE5F266CA58100E671ED /* TrisysDemoUITests.swift */; };
		976BDEAB266CADC800E671ED /* ContactData.swift in Sources */ = {isa = PBXBuildFile; fileRef = 976BDEAA266CADC800E671ED /* ContactData.swift */; };
		976BDEB3266CADD700E671ED /* ContactInfo.swift in Sources */ = {isa = PBXBuildFile; fileRef = 976BDEB2266CADD700E671ED /* ContactInfo.swift */; };
		976BDEB8266CAF2F00E671ED /* Attachment.swift in Sources */ = {isa = PBXBuildFile; fileRef = 976BDEB7266CAF2F00E671ED /* Attachment.swift */; };
		976BDEBD266CB04700E671ED /* ContactListProtocol.swift in Sources */ = {isa = PBXBuildFile; fileRef = 976BDEBC266CB04700E671ED /* ContactListProtocol.swift */; };
		976BDEC2266CB05900E671ED /* ContactListInteractor.swift in Sources */ = {isa = PBXBuildFile; fileRef = 976BDEC1266CB05900E671ED /* ContactListInteractor.swift */; };
		976BDEC7266CB06900E671ED /* ContactListPresenter.swift in Sources */ = {isa = PBXBuildFile; fileRef = 976BDEC6266CB06900E671ED /* ContactListPresenter.swift */; };
		976BDECC266CB07900E671ED /* ContactListRouter.swift in Sources */ = {isa = PBXBuildFile; fileRef = 976BDECB266CB07900E671ED /* ContactListRouter.swift */; };
		976BDED4266CB19A00E671ED /* ContactListViewController.swift in Sources */ = {isa = PBXBuildFile; fileRef = 976BDED3266CB19A00E671ED /* ContactListViewController.swift */; };
		976BDEDD266CB33D00E671ED /* ExtensionHelpers.swift in Sources */ = {isa = PBXBuildFile; fileRef = 976BDEDC266CB33D00E671ED /* ExtensionHelpers.swift */; };
		976BDEE5266CB35700E671ED /* ConstantHelper.swift in Sources */ = {isa = PBXBuildFile; fileRef = 976BDEE4266CB35700E671ED /* ConstantHelper.swift */; };
		976BDEEF266CB49B00E671ED /* ThemeComponent.swift in Sources */ = {isa = PBXBuildFile; fileRef = 976BDEEE266CB49B00E671ED /* ThemeComponent.swift */; };
		976BDEF4266CB8AF00E671ED /* ContactTableViewCell.swift in Sources */ = {isa = PBXBuildFile; fileRef = 976BDEF3266CB8AF00E671ED /* ContactTableViewCell.swift */; };
		DFE80A2ABA7CF112289768B0 /* Pods_TrisysDemo_TrisysDemoUITests.framework in Frameworks */ = {isa = PBXBuildFile; fileRef = 378A5FAD95EFCC0EF4D1500F /* Pods_TrisysDemo_TrisysDemoUITests.framework */; };
/* End PBXBuildFile section */

/* Begin PBXContainerItemProxy section */
		976BDE51266CA58100E671ED /* PBXContainerItemProxy */ = {
			isa = PBXContainerItemProxy;
			containerPortal = 976BDE32266CA57F00E671ED /* Project object */;
			proxyType = 1;
			remoteGlobalIDString = 976BDE39266CA57F00E671ED;
			remoteInfo = TrisysDemo;
		};
		976BDE5C266CA58100E671ED /* PBXContainerItemProxy */ = {
			isa = PBXContainerItemProxy;
			containerPortal = 976BDE32266CA57F00E671ED /* Project object */;
			proxyType = 1;
			remoteGlobalIDString = 976BDE39266CA57F00E671ED;
			remoteInfo = TrisysDemo;
		};
/* End PBXContainerItemProxy section */

/* Begin PBXFileReference section */
		08854D02B76F3D2389D769A7 /* Pods-TrisysDemo.debug.xcconfig */ = {isa = PBXFileReference; includeInIndex = 1; lastKnownFileType = text.xcconfig; name = "Pods-TrisysDemo.debug.xcconfig"; path = "Target Support Files/Pods-TrisysDemo/Pods-TrisysDemo.debug.xcconfig"; sourceTree = "<group>"; };
		106B49CCB5C300A4B68935ED /* Pods-TrisysDemo.release.xcconfig */ = {isa = PBXFileReference; includeInIndex = 1; lastKnownFileType = text.xcconfig; name = "Pods-TrisysDemo.release.xcconfig"; path = "Target Support Files/Pods-TrisysDemo/Pods-TrisysDemo.release.xcconfig"; sourceTree = "<group>"; };
		2089E04A3527499C1894A86D /* Pods_TrisysDemo.framework */ = {isa = PBXFileReference; explicitFileType = wrapper.framework; includeInIndex = 0; path = Pods_TrisysDemo.framework; sourceTree = BUILT_PRODUCTS_DIR; };
		36906C44DB173B22793CF36C /* Pods-TrisysDemo-TrisysDemoUITests.debug.xcconfig */ = {isa = PBXFileReference; includeInIndex = 1; lastKnownFileType = text.xcconfig; name = "Pods-TrisysDemo-TrisysDemoUITests.debug.xcconfig"; path = "Target Support Files/Pods-TrisysDemo-TrisysDemoUITests/Pods-TrisysDemo-TrisysDemoUITests.debug.xcconfig"; sourceTree = "<group>"; };
		378A5FAD95EFCC0EF4D1500F /* Pods_TrisysDemo_TrisysDemoUITests.framework */ = {isa = PBXFileReference; explicitFileType = wrapper.framework; includeInIndex = 0; path = Pods_TrisysDemo_TrisysDemoUITests.framework; sourceTree = BUILT_PRODUCTS_DIR; };
		3931D9BDB565707ACD32C1F9 /* Pods_TrisysDemoTests.framework */ = {isa = PBXFileReference; explicitFileType = wrapper.framework; includeInIndex = 0; path = Pods_TrisysDemoTests.framework; sourceTree = BUILT_PRODUCTS_DIR; };
		3C973BECB2A291754576DF6F /* Pods-TrisysDemoTests.release.xcconfig */ = {isa = PBXFileReference; includeInIndex = 1; lastKnownFileType = text.xcconfig; name = "Pods-TrisysDemoTests.release.xcconfig"; path = "Target Support Files/Pods-TrisysDemoTests/Pods-TrisysDemoTests.release.xcconfig"; sourceTree = "<group>"; };
		50D7B89023A2B84BD32C8FF5 /* Pods-TrisysDemoTests.debug.xcconfig */ = {isa = PBXFileReference; includeInIndex = 1; lastKnownFileType = text.xcconfig; name = "Pods-TrisysDemoTests.debug.xcconfig"; path = "Target Support Files/Pods-TrisysDemoTests/Pods-TrisysDemoTests.debug.xcconfig"; sourceTree = "<group>"; };
		7D882D62F36E9682E9261913 /* Pods-TrisysDemo-TrisysDemoUITests.release.xcconfig */ = {isa = PBXFileReference; includeInIndex = 1; lastKnownFileType = text.xcconfig; name = "Pods-TrisysDemo-TrisysDemoUITests.release.xcconfig"; path = "Target Support Files/Pods-TrisysDemo-TrisysDemoUITests/Pods-TrisysDemo-TrisysDemoUITests.release.xcconfig"; sourceTree = "<group>"; };
		976BDE3A266CA57F00E671ED /* TrisysDemo.app */ = {isa = PBXFileReference; explicitFileType = wrapper.application; includeInIndex = 0; path = TrisysDemo.app; sourceTree = BUILT_PRODUCTS_DIR; };
		976BDE3D266CA57F00E671ED /* AppDelegate.swift */ = {isa = PBXFileReference; lastKnownFileType = sourcecode.swift; path = AppDelegate.swift; sourceTree = "<group>"; };
		976BDE3F266CA57F00E671ED /* SceneDelegate.swift */ = {isa = PBXFileReference; lastKnownFileType = sourcecode.swift; path = SceneDelegate.swift; sourceTree = "<group>"; };
		976BDE46266CA58100E671ED /* Assets.xcassets */ = {isa = PBXFileReference; lastKnownFileType = folder.assetcatalog; path = Assets.xcassets; sourceTree = "<group>"; };
		976BDE49266CA58100E671ED /* Base */ = {isa = PBXFileReference; lastKnownFileType = file.storyboard; name = Base; path = Base.lproj/LaunchScreen.storyboard; sourceTree = "<group>"; };
		976BDE4B266CA58100E671ED /* Info.plist */ = {isa = PBXFileReference; lastKnownFileType = text.plist.xml; path = Info.plist; sourceTree = "<group>"; };
		976BDE50266CA58100E671ED /* TrisysDemoTests.xctest */ = {isa = PBXFileReference; explicitFileType = wrapper.cfbundle; includeInIndex = 0; path = TrisysDemoTests.xctest; sourceTree = BUILT_PRODUCTS_DIR; };
		976BDE54266CA58100E671ED /* TrisysDemoTests.swift */ = {isa = PBXFileReference; lastKnownFileType = sourcecode.swift; path = TrisysDemoTests.swift; sourceTree = "<group>"; };
		976BDE56266CA58100E671ED /* Info.plist */ = {isa = PBXFileReference; lastKnownFileType = text.plist.xml; path = Info.plist; sourceTree = "<group>"; };
		976BDE5B266CA58100E671ED /* TrisysDemoUITests.xctest */ = {isa = PBXFileReference; explicitFileType = wrapper.cfbundle; includeInIndex = 0; path = TrisysDemoUITests.xctest; sourceTree = BUILT_PRODUCTS_DIR; };
		976BDE5F266CA58100E671ED /* TrisysDemoUITests.swift */ = {isa = PBXFileReference; lastKnownFileType = sourcecode.swift; path = TrisysDemoUITests.swift; sourceTree = "<group>"; };
		976BDE61266CA58100E671ED /* Info.plist */ = {isa = PBXFileReference; lastKnownFileType = text.plist.xml; path = Info.plist; sourceTree = "<group>"; };
		976BDEAA266CADC800E671ED /* ContactData.swift */ = {isa = PBXFileReference; lastKnownFileType = sourcecode.swift; path = ContactData.swift; sourceTree = "<group>"; };
		976BDEB2266CADD700E671ED /* ContactInfo.swift */ = {isa = PBXFileReference; lastKnownFileType = sourcecode.swift; path = ContactInfo.swift; sourceTree = "<group>"; };
		976BDEB7266CAF2F00E671ED /* Attachment.swift */ = {isa = PBXFileReference; lastKnownFileType = sourcecode.swift; path = Attachment.swift; sourceTree = "<group>"; };
		976BDEBC266CB04700E671ED /* ContactListProtocol.swift */ = {isa = PBXFileReference; lastKnownFileType = sourcecode.swift; path = ContactListProtocol.swift; sourceTree = "<group>"; };
		976BDEC1266CB05900E671ED /* ContactListInteractor.swift */ = {isa = PBXFileReference; lastKnownFileType = sourcecode.swift; path = ContactListInteractor.swift; sourceTree = "<group>"; };
		976BDEC6266CB06900E671ED /* ContactListPresenter.swift */ = {isa = PBXFileReference; lastKnownFileType = sourcecode.swift; path = ContactListPresenter.swift; sourceTree = "<group>"; };
		976BDECB266CB07900E671ED /* ContactListRouter.swift */ = {isa = PBXFileReference; lastKnownFileType = sourcecode.swift; path = ContactListRouter.swift; sourceTree = "<group>"; };
		976BDED3266CB19A00E671ED /* ContactListViewController.swift */ = {isa = PBXFileReference; lastKnownFileType = sourcecode.swift; path = ContactListViewController.swift; sourceTree = "<group>"; };
		976BDEDC266CB33D00E671ED /* ExtensionHelpers.swift */ = {isa = PBXFileReference; lastKnownFileType = sourcecode.swift; path = ExtensionHelpers.swift; sourceTree = "<group>"; };
		976BDEE4266CB35700E671ED /* ConstantHelper.swift */ = {isa = PBXFileReference; lastKnownFileType = sourcecode.swift; path = ConstantHelper.swift; sourceTree = "<group>"; };
		976BDEEE266CB49B00E671ED /* ThemeComponent.swift */ = {isa = PBXFileReference; lastKnownFileType = sourcecode.swift; path = ThemeComponent.swift; sourceTree = "<group>"; };
		976BDEF3266CB8AF00E671ED /* ContactTableViewCell.swift */ = {isa = PBXFileReference; lastKnownFileType = sourcecode.swift; path = ContactTableViewCell.swift; sourceTree = "<group>"; };
/* End PBXFileReference section */

/* Begin PBXFrameworksBuildPhase section */
		976BDE37266CA57F00E671ED /* Frameworks */ = {
			isa = PBXFrameworksBuildPhase;
			buildActionMask = 2147483647;
			files = (
				2B16A33602EAC67758413C2B /* Pods_TrisysDemo.framework in Frameworks */,
			);
			runOnlyForDeploymentPostprocessing = 0;
		};
		976BDE4D266CA58100E671ED /* Frameworks */ = {
			isa = PBXFrameworksBuildPhase;
			buildActionMask = 2147483647;
			files = (
				5A33E077A225828922701FE2 /* Pods_TrisysDemoTests.framework in Frameworks */,
			);
			runOnlyForDeploymentPostprocessing = 0;
		};
		976BDE58266CA58100E671ED /* Frameworks */ = {
			isa = PBXFrameworksBuildPhase;
			buildActionMask = 2147483647;
			files = (
				DFE80A2ABA7CF112289768B0 /* Pods_TrisysDemo_TrisysDemoUITests.framework in Frameworks */,
			);
			runOnlyForDeploymentPostprocessing = 0;
		};
/* End PBXFrameworksBuildPhase section */

/* Begin PBXGroup section */
		1F1A4767EF5B4F1660D8B3F7 /* Pods */ = {
			isa = PBXGroup;
			children = (
				08854D02B76F3D2389D769A7 /* Pods-TrisysDemo.debug.xcconfig */,
				106B49CCB5C300A4B68935ED /* Pods-TrisysDemo.release.xcconfig */,
				36906C44DB173B22793CF36C /* Pods-TrisysDemo-TrisysDemoUITests.debug.xcconfig */,
				7D882D62F36E9682E9261913 /* Pods-TrisysDemo-TrisysDemoUITests.release.xcconfig */,
				50D7B89023A2B84BD32C8FF5 /* Pods-TrisysDemoTests.debug.xcconfig */,
				3C973BECB2A291754576DF6F /* Pods-TrisysDemoTests.release.xcconfig */,
			);
			path = Pods;
			sourceTree = "<group>";
		};
		2BCA8D7562178DA559AA9FE1 /* Frameworks */ = {
			isa = PBXGroup;
			children = (
				2089E04A3527499C1894A86D /* Pods_TrisysDemo.framework */,
				378A5FAD95EFCC0EF4D1500F /* Pods_TrisysDemo_TrisysDemoUITests.framework */,
				3931D9BDB565707ACD32C1F9 /* Pods_TrisysDemoTests.framework */,
			);
			name = Frameworks;
			sourceTree = "<group>";
		};
		976BDE31266CA57F00E671ED = {
			isa = PBXGroup;
			children = (
				976BDE3C266CA57F00E671ED /* TrisysDemo */,
				976BDE53266CA58100E671ED /* TrisysDemoTests */,
				976BDE5E266CA58100E671ED /* TrisysDemoUITests */,
				976BDE3B266CA57F00E671ED /* Products */,
				1F1A4767EF5B4F1660D8B3F7 /* Pods */,
				2BCA8D7562178DA559AA9FE1 /* Frameworks */,
			);
			sourceTree = "<group>";
		};
		976BDE3B266CA57F00E671ED /* Products */ = {
			isa = PBXGroup;
			children = (
				976BDE3A266CA57F00E671ED /* TrisysDemo.app */,
				976BDE50266CA58100E671ED /* TrisysDemoTests.xctest */,
				976BDE5B266CA58100E671ED /* TrisysDemoUITests.xctest */,
			);
			name = Products;
			sourceTree = "<group>";
		};
		976BDE3C266CA57F00E671ED /* TrisysDemo */ = {
			isa = PBXGroup;
			children = (
				976BDEDB266CB2F900E671ED /* CustomHelperClass */,
				976BDE84266CA97100E671ED /* Module */,
				976BDE76266CA7CD00E671ED /* AppDelegate */,
				976BDE46266CA58100E671ED /* Assets.xcassets */,
				976BDE48266CA58100E671ED /* LaunchScreen.storyboard */,
				976BDE4B266CA58100E671ED /* Info.plist */,
			);
			path = TrisysDemo;
			sourceTree = "<group>";
		};
		976BDE53266CA58100E671ED /* TrisysDemoTests */ = {
			isa = PBXGroup;
			children = (
				976BDE54266CA58100E671ED /* TrisysDemoTests.swift */,
				976BDE56266CA58100E671ED /* Info.plist */,
			);
			path = TrisysDemoTests;
			sourceTree = "<group>";
		};
		976BDE5E266CA58100E671ED /* TrisysDemoUITests */ = {
			isa = PBXGroup;
			children = (
				976BDE5F266CA58100E671ED /* TrisysDemoUITests.swift */,
				976BDE61266CA58100E671ED /* Info.plist */,
			);
			path = TrisysDemoUITests;
			sourceTree = "<group>";
		};
		976BDE76266CA7CD00E671ED /* AppDelegate */ = {
			isa = PBXGroup;
			children = (
				976BDE3D266CA57F00E671ED /* AppDelegate.swift */,
				976BDE3F266CA57F00E671ED /* SceneDelegate.swift */,
			);
			path = AppDelegate;
			sourceTree = "<group>";
		};
		976BDE84266CA97100E671ED /* Module */ = {
			isa = PBXGroup;
			children = (
				976BDE88266CA97D00E671ED /* InfoList */,
			);
			path = Module;
			sourceTree = "<group>";
		};
		976BDE88266CA97D00E671ED /* InfoList */ = {
			isa = PBXGroup;
			children = (
				976BDEA5266CACD300E671ED /* Protocol */,
				976BDEA4266CACCA00E671ED /* Entity */,
				976BDE89266CA9E300E671ED /* View */,
				976BDEA8266CACEF00E671ED /* Interactor */,
				976BDEA7266CACE400E671ED /* Presenter */,
				976BDEA6266CACDC00E671ED /* Router */,
			);
			path = InfoList;
			sourceTree = "<group>";
		};
		976BDE89266CA9E300E671ED /* View */ = {
			isa = PBXGroup;
			children = (
				976BDEA9266CACF900E671ED /* Custom Cell */,
				976BDED3266CB19A00E671ED /* ContactListViewController.swift */,
			);
			path = View;
			sourceTree = "<group>";
		};
		976BDEA4266CACCA00E671ED /* Entity */ = {
			isa = PBXGroup;
			children = (
				976BDEAA266CADC800E671ED /* ContactData.swift */,
				976BDEB2266CADD700E671ED /* ContactInfo.swift */,
				976BDEB7266CAF2F00E671ED /* Attachment.swift */,
			);
			path = Entity;
			sourceTree = "<group>";
		};
		976BDEA5266CACD300E671ED /* Protocol */ = {
			isa = PBXGroup;
			children = (
				976BDEBC266CB04700E671ED /* ContactListProtocol.swift */,
			);
			path = Protocol;
			sourceTree = "<group>";
		};
		976BDEA6266CACDC00E671ED /* Router */ = {
			isa = PBXGroup;
			children = (
				976BDECB266CB07900E671ED /* ContactListRouter.swift */,
			);
			path = Router;
			sourceTree = "<group>";
		};
		976BDEA7266CACE400E671ED /* Presenter */ = {
			isa = PBXGroup;
			children = (
				976BDEC6266CB06900E671ED /* ContactListPresenter.swift */,
			);
			path = Presenter;
			sourceTree = "<group>";
		};
		976BDEA8266CACEF00E671ED /* Interactor */ = {
			isa = PBXGroup;
			children = (
				976BDEC1266CB05900E671ED /* ContactListInteractor.swift */,
			);
			path = Interactor;
			sourceTree = "<group>";
		};
		976BDEA9266CACF900E671ED /* Custom Cell */ = {
			isa = PBXGroup;
			children = (
				976BDEF3266CB8AF00E671ED /* ContactTableViewCell.swift */,
			);
			path = "Custom Cell";
			sourceTree = "<group>";
		};
		976BDEDB266CB2F900E671ED /* CustomHelperClass */ = {
			isa = PBXGroup;
			children = (
				976BDEDC266CB33D00E671ED /* ExtensionHelpers.swift */,
				976BDEE4266CB35700E671ED /* ConstantHelper.swift */,
				976BDEEE266CB49B00E671ED /* ThemeComponent.swift */,
			);
			path = CustomHelperClass;
			sourceTree = "<group>";
		};
/* End PBXGroup section */

/* Begin PBXNativeTarget section */
		976BDE39266CA57F00E671ED /* TrisysDemo */ = {
			isa = PBXNativeTarget;
			buildConfigurationList = 976BDE64266CA58100E671ED /* Build configuration list for PBXNativeTarget "TrisysDemo" */;
			buildPhases = (
				7690AE2795AFB09D9F1B9686 /* [CP] Check Pods Manifest.lock */,
				976BDE36266CA57F00E671ED /* Sources */,
				976BDE37266CA57F00E671ED /* Frameworks */,
				976BDE38266CA57F00E671ED /* Resources */,
				194FA78F2B21B905D9B3661E /* [CP] Embed Pods Frameworks */,
			);
			buildRules = (
			);
			dependencies = (
			);
			name = TrisysDemo;
			productName = TrisysDemo;
			productReference = 976BDE3A266CA57F00E671ED /* TrisysDemo.app */;
			productType = "com.apple.product-type.application";
		};
		976BDE4F266CA58100E671ED /* TrisysDemoTests */ = {
			isa = PBXNativeTarget;
			buildConfigurationList = 976BDE67266CA58100E671ED /* Build configuration list for PBXNativeTarget "TrisysDemoTests" */;
			buildPhases = (
				72D751BDC8F88B7BC1688B59 /* [CP] Check Pods Manifest.lock */,
				976BDE4C266CA58100E671ED /* Sources */,
				976BDE4D266CA58100E671ED /* Frameworks */,
				976BDE4E266CA58100E671ED /* Resources */,
			);
			buildRules = (
			);
			dependencies = (
				976BDE52266CA58100E671ED /* PBXTargetDependency */,
			);
			name = TrisysDemoTests;
			productName = TrisysDemoTests;
			productReference = 976BDE50266CA58100E671ED /* TrisysDemoTests.xctest */;
			productType = "com.apple.product-type.bundle.unit-test";
		};
		976BDE5A266CA58100E671ED /* TrisysDemoUITests */ = {
			isa = PBXNativeTarget;
			buildConfigurationList = 976BDE6A266CA58100E671ED /* Build configuration list for PBXNativeTarget "TrisysDemoUITests" */;
			buildPhases = (
				DBDFBE82B7F3BF5DB0739CBB /* [CP] Check Pods Manifest.lock */,
				976BDE57266CA58100E671ED /* Sources */,
				976BDE58266CA58100E671ED /* Frameworks */,
				976BDE59266CA58100E671ED /* Resources */,
				C71E0D0A0E899E802529FC65 /* [CP] Embed Pods Frameworks */,
			);
			buildRules = (
			);
			dependencies = (
				976BDE5D266CA58100E671ED /* PBXTargetDependency */,
			);
			name = TrisysDemoUITests;
			productName = TrisysDemoUITests;
			productReference = 976BDE5B266CA58100E671ED /* TrisysDemoUITests.xctest */;
			productType = "com.apple.product-type.bundle.ui-testing";
		};
/* End PBXNativeTarget section */

/* Begin PBXProject section */
		976BDE32266CA57F00E671ED /* Project object */ = {
			isa = PBXProject;
			attributes = {
				LastSwiftUpdateCheck = 1200;
				LastUpgradeCheck = 1200;
				TargetAttributes = {
					976BDE39266CA57F00E671ED = {
						CreatedOnToolsVersion = 12.0.1;
					};
					976BDE4F266CA58100E671ED = {
						CreatedOnToolsVersion = 12.0.1;
						TestTargetID = 976BDE39266CA57F00E671ED;
					};
					976BDE5A266CA58100E671ED = {
						CreatedOnToolsVersion = 12.0.1;
						TestTargetID = 976BDE39266CA57F00E671ED;
					};
				};
			};
			buildConfigurationList = 976BDE35266CA57F00E671ED /* Build configuration list for PBXProject "TrisysDemo" */;
			compatibilityVersion = "Xcode 9.3";
			developmentRegion = en;
			hasScannedForEncodings = 0;
			knownRegions = (
				en,
				Base,
			);
			mainGroup = 976BDE31266CA57F00E671ED;
			productRefGroup = 976BDE3B266CA57F00E671ED /* Products */;
			projectDirPath = "";
			projectRoot = "";
			targets = (
				976BDE39266CA57F00E671ED /* TrisysDemo */,
				976BDE4F266CA58100E671ED /* TrisysDemoTests */,
				976BDE5A266CA58100E671ED /* TrisysDemoUITests */,
			);
		};
/* End PBXProject section */

/* Begin PBXResourcesBuildPhase section */
		976BDE38266CA57F00E671ED /* Resources */ = {
			isa = PBXResourcesBuildPhase;
			buildActionMask = 2147483647;
			files = (
				976BDE4A266CA58100E671ED /* LaunchScreen.storyboard in Resources */,
				976BDE47266CA58100E671ED /* Assets.xcassets in Resources */,
			);
			runOnlyForDeploymentPostprocessing = 0;
		};
		976BDE4E266CA58100E671ED /* Resources */ = {
			isa = PBXResourcesBuildPhase;
			buildActionMask = 2147483647;
			files = (
			);
			runOnlyForDeploymentPostprocessing = 0;
		};
		976BDE59266CA58100E671ED /* Resources */ = {
			isa = PBXResourcesBuildPhase;
			buildActionMask = 2147483647;
			files = (
			);
			runOnlyForDeploymentPostprocessing = 0;
		};
/* End PBXResourcesBuildPhase section */

/* Begin PBXShellScriptBuildPhase section */
		194FA78F2B21B905D9B3661E /* [CP] Embed Pods Frameworks */ = {
			isa = PBXShellScriptBuildPhase;
			buildActionMask = 2147483647;
			files = (
			);
			inputFileListPaths = (
				"${PODS_ROOT}/Target Support Files/Pods-TrisysDemo/Pods-TrisysDemo-frameworks-${CONFIGURATION}-input-files.xcfilelist",
			);
			name = "[CP] Embed Pods Frameworks";
			outputFileListPaths = (
				"${PODS_ROOT}/Target Support Files/Pods-TrisysDemo/Pods-TrisysDemo-frameworks-${CONFIGURATION}-output-files.xcfilelist",
			);
			runOnlyForDeploymentPostprocessing = 0;
			shellPath = /bin/sh;
			shellScript = "\"${PODS_ROOT}/Target Support Files/Pods-TrisysDemo/Pods-TrisysDemo-frameworks.sh\"\n";
			showEnvVarsInLog = 0;
		};
		72D751BDC8F88B7BC1688B59 /* [CP] Check Pods Manifest.lock */ = {
			isa = PBXShellScriptBuildPhase;
			buildActionMask = 2147483647;
			files = (
			);
			inputFileListPaths = (
			);
			inputPaths = (
				"${PODS_PODFILE_DIR_PATH}/Podfile.lock",
				"${PODS_ROOT}/Manifest.lock",
			);
			name = "[CP] Check Pods Manifest.lock";
			outputFileListPaths = (
			);
			outputPaths = (
				"$(DERIVED_FILE_DIR)/Pods-TrisysDemoTests-checkManifestLockResult.txt",
			);
			runOnlyForDeploymentPostprocessing = 0;
			shellPath = /bin/sh;
			shellScript = "diff \"${PODS_PODFILE_DIR_PATH}/Podfile.lock\" \"${PODS_ROOT}/Manifest.lock\" > /dev/null\nif [ $? != 0 ] ; then\n    # print error to STDERR\n    echo \"error: The sandbox is not in sync with the Podfile.lock. Run 'pod install' or update your CocoaPods installation.\" >&2\n    exit 1\nfi\n# This output is used by Xcode 'outputs' to avoid re-running this script phase.\necho \"SUCCESS\" > \"${SCRIPT_OUTPUT_FILE_0}\"\n";
			showEnvVarsInLog = 0;
		};
		7690AE2795AFB09D9F1B9686 /* [CP] Check Pods Manifest.lock */ = {
			isa = PBXShellScriptBuildPhase;
			buildActionMask = 2147483647;
			files = (
			);
			inputFileListPaths = (
			);
			inputPaths = (
				"${PODS_PODFILE_DIR_PATH}/Podfile.lock",
				"${PODS_ROOT}/Manifest.lock",
			);
			name = "[CP] Check Pods Manifest.lock";
			outputFileListPaths = (
			);
			outputPaths = (
				"$(DERIVED_FILE_DIR)/Pods-TrisysDemo-checkManifestLockResult.txt",
			);
			runOnlyForDeploymentPostprocessing = 0;
			shellPath = /bin/sh;
			shellScript = "diff \"${PODS_PODFILE_DIR_PATH}/Podfile.lock\" \"${PODS_ROOT}/Manifest.lock\" > /dev/null\nif [ $? != 0 ] ; then\n    # print error to STDERR\n    echo \"error: The sandbox is not in sync with the Podfile.lock. Run 'pod install' or update your CocoaPods installation.\" >&2\n    exit 1\nfi\n# This output is used by Xcode 'outputs' to avoid re-running this script phase.\necho \"SUCCESS\" > \"${SCRIPT_OUTPUT_FILE_0}\"\n";
			showEnvVarsInLog = 0;
		};
		C71E0D0A0E899E802529FC65 /* [CP] Embed Pods Frameworks */ = {
			isa = PBXShellScriptBuildPhase;
			buildActionMask = 2147483647;
			files = (
			);
			inputFileListPaths = (
				"${PODS_ROOT}/Target Support Files/Pods-TrisysDemo-TrisysDemoUITests/Pods-TrisysDemo-TrisysDemoUITests-frameworks-${CONFIGURATION}-input-files.xcfilelist",
			);
			name = "[CP] Embed Pods Frameworks";
			outputFileListPaths = (
				"${PODS_ROOT}/Target Support Files/Pods-TrisysDemo-TrisysDemoUITests/Pods-TrisysDemo-TrisysDemoUITests-frameworks-${CONFIGURATION}-output-files.xcfilelist",
			);
			runOnlyForDeploymentPostprocessing = 0;
			shellPath = /bin/sh;
			shellScript = "\"${PODS_ROOT}/Target Support Files/Pods-TrisysDemo-TrisysDemoUITests/Pods-TrisysDemo-TrisysDemoUITests-frameworks.sh\"\n";
			showEnvVarsInLog = 0;
		};
		DBDFBE82B7F3BF5DB0739CBB /* [CP] Check Pods Manifest.lock */ = {
			isa = PBXShellScriptBuildPhase;
			buildActionMask = 2147483647;
			files = (
			);
			inputFileListPaths = (
			);
			inputPaths = (
				"${PODS_PODFILE_DIR_PATH}/Podfile.lock",
				"${PODS_ROOT}/Manifest.lock",
			);
			name = "[CP] Check Pods Manifest.lock";
			outputFileListPaths = (
			);
			outputPaths = (
				"$(DERIVED_FILE_DIR)/Pods-TrisysDemo-TrisysDemoUITests-checkManifestLockResult.txt",
			);
			runOnlyForDeploymentPostprocessing = 0;
			shellPath = /bin/sh;
			shellScript = "diff \"${PODS_PODFILE_DIR_PATH}/Podfile.lock\" \"${PODS_ROOT}/Manifest.lock\" > /dev/null\nif [ $? != 0 ] ; then\n    # print error to STDERR\n    echo \"error: The sandbox is not in sync with the Podfile.lock. Run 'pod install' or update your CocoaPods installation.\" >&2\n    exit 1\nfi\n# This output is used by Xcode 'outputs' to avoid re-running this script phase.\necho \"SUCCESS\" > \"${SCRIPT_OUTPUT_FILE_0}\"\n";
			showEnvVarsInLog = 0;
		};
/* End PBXShellScriptBuildPhase section */

/* Begin PBXSourcesBuildPhase section */
		976BDE36266CA57F00E671ED /* Sources */ = {
			isa = PBXSourcesBuildPhase;
			buildActionMask = 2147483647;
			files = (
				976BDE3E266CA57F00E671ED /* AppDelegate.swift in Sources */,
				976BDED4266CB19A00E671ED /* ContactListViewController.swift in Sources */,
				976BDEC2266CB05900E671ED /* ContactListInteractor.swift in Sources */,
				976BDEBD266CB04700E671ED /* ContactListProtocol.swift in Sources */,
				976BDEB3266CADD700E671ED /* ContactInfo.swift in Sources */,
				976BDEC7266CB06900E671ED /* ContactListPresenter.swift in Sources */,
				976BDEF4266CB8AF00E671ED /* ContactTableViewCell.swift in Sources */,
				976BDEAB266CADC800E671ED /* ContactData.swift in Sources */,
				976BDECC266CB07900E671ED /* ContactListRouter.swift in Sources */,
				976BDEDD266CB33D00E671ED /* ExtensionHelpers.swift in Sources */,
				976BDEEF266CB49B00E671ED /* ThemeComponent.swift in Sources */,
				976BDEE5266CB35700E671ED /* ConstantHelper.swift in Sources */,
				976BDEB8266CAF2F00E671ED /* Attachment.swift in Sources */,
				976BDE40266CA57F00E671ED /* SceneDelegate.swift in Sources */,
			);
			runOnlyForDeploymentPostprocessing = 0;
		};
		976BDE4C266CA58100E671ED /* Sources */ = {
			isa = PBXSourcesBuildPhase;
			buildActionMask = 2147483647;
			files = (
				976BDE55266CA58100E671ED /* TrisysDemoTests.swift in Sources */,
			);
			runOnlyForDeploymentPostprocessing = 0;
		};
		976BDE57266CA58100E671ED /* Sources */ = {
			isa = PBXSourcesBuildPhase;
			buildActionMask = 2147483647;
			files = (
				976BDE60266CA58100E671ED /* TrisysDemoUITests.swift in Sources */,
			);
			runOnlyForDeploymentPostprocessing = 0;
		};
/* End PBXSourcesBuildPhase section */

/* Begin PBXTargetDependency section */
		976BDE52266CA58100E671ED /* PBXTargetDependency */ = {
			isa = PBXTargetDependency;
			target = 976BDE39266CA57F00E671ED /* TrisysDemo */;
			targetProxy = 976BDE51266CA58100E671ED /* PBXContainerItemProxy */;
		};
		976BDE5D266CA58100E671ED /* PBXTargetDependency */ = {
			isa = PBXTargetDependency;
			target = 976BDE39266CA57F00E671ED /* TrisysDemo */;
			targetProxy = 976BDE5C266CA58100E671ED /* PBXContainerItemProxy */;
		};
/* End PBXTargetDependency section */

/* Begin PBXVariantGroup section */
		976BDE48266CA58100E671ED /* LaunchScreen.storyboard */ = {
			isa = PBXVariantGroup;
			children = (
				976BDE49266CA58100E671ED /* Base */,
			);
			name = LaunchScreen.storyboard;
			sourceTree = "<group>";
		};
/* End PBXVariantGroup section */

/* Begin XCBuildConfiguration section */
		976BDE62266CA58100E671ED /* Debug */ = {
			isa = XCBuildConfiguration;
			buildSettings = {
				ALWAYS_SEARCH_USER_PATHS = NO;
				CLANG_ANALYZER_NONNULL = YES;
				CLANG_ANALYZER_NUMBER_OBJECT_CONVERSION = YES_AGGRESSIVE;
				CLANG_CXX_LANGUAGE_STANDARD = "gnu++14";
				CLANG_CXX_LIBRARY = "libc++";
				CLANG_ENABLE_MODULES = YES;
				CLANG_ENABLE_OBJC_ARC = YES;
				CLANG_ENABLE_OBJC_WEAK = YES;
				CLANG_WARN_BLOCK_CAPTURE_AUTORELEASING = YES;
				CLANG_WARN_BOOL_CONVERSION = YES;
				CLANG_WARN_COMMA = YES;
				CLANG_WARN_CONSTANT_CONVERSION = YES;
				CLANG_WARN_DEPRECATED_OBJC_IMPLEMENTATIONS = YES;
				CLANG_WARN_DIRECT_OBJC_ISA_USAGE = YES_ERROR;
				CLANG_WARN_DOCUMENTATION_COMMENTS = YES;
				CLANG_WARN_EMPTY_BODY = YES;
				CLANG_WARN_ENUM_CONVERSION = YES;
				CLANG_WARN_INFINITE_RECURSION = YES;
				CLANG_WARN_INT_CONVERSION = YES;
				CLANG_WARN_NON_LITERAL_NULL_CONVERSION = YES;
				CLANG_WARN_OBJC_IMPLICIT_RETAIN_SELF = YES;
				CLANG_WARN_OBJC_LITERAL_CONVERSION = YES;
				CLANG_WARN_OBJC_ROOT_CLASS = YES_ERROR;
				CLANG_WARN_QUOTED_INCLUDE_IN_FRAMEWORK_HEADER = YES;
				CLANG_WARN_RANGE_LOOP_ANALYSIS = YES;
				CLANG_WARN_STRICT_PROTOTYPES = YES;
				CLANG_WARN_SUSPICIOUS_MOVE = YES;
				CLANG_WARN_UNGUARDED_AVAILABILITY = YES_AGGRESSIVE;
				CLANG_WARN_UNREACHABLE_CODE = YES;
				CLANG_WARN__DUPLICATE_METHOD_MATCH = YES;
				COPY_PHASE_STRIP = NO;
				DEBUG_INFORMATION_FORMAT = dwarf;
				ENABLE_STRICT_OBJC_MSGSEND = YES;
				ENABLE_TESTABILITY = YES;
				GCC_C_LANGUAGE_STANDARD = gnu11;
				GCC_DYNAMIC_NO_PIC = NO;
				GCC_NO_COMMON_BLOCKS = YES;
				GCC_OPTIMIZATION_LEVEL = 0;
				GCC_PREPROCESSOR_DEFINITIONS = (
					"DEBUG=1",
					"$(inherited)",
				);
				GCC_WARN_64_TO_32_BIT_CONVERSION = YES;
				GCC_WARN_ABOUT_RETURN_TYPE = YES_ERROR;
				GCC_WARN_UNDECLARED_SELECTOR = YES;
				GCC_WARN_UNINITIALIZED_AUTOS = YES_AGGRESSIVE;
				GCC_WARN_UNUSED_FUNCTION = YES;
				GCC_WARN_UNUSED_VARIABLE = YES;
				IPHONEOS_DEPLOYMENT_TARGET = 13.0;
				MTL_ENABLE_DEBUG_INFO = INCLUDE_SOURCE;
				MTL_FAST_MATH = YES;
				ONLY_ACTIVE_ARCH = YES;
				SDKROOT = iphoneos;
				SWIFT_ACTIVE_COMPILATION_CONDITIONS = DEBUG;
				SWIFT_OPTIMIZATION_LEVEL = "-Onone";
			};
			name = Debug;
		};
		976BDE63266CA58100E671ED /* Release */ = {
			isa = XCBuildConfiguration;
			buildSettings = {
				ALWAYS_SEARCH_USER_PATHS = NO;
				CLANG_ANALYZER_NONNULL = YES;
				CLANG_ANALYZER_NUMBER_OBJECT_CONVERSION = YES_AGGRESSIVE;
				CLANG_CXX_LANGUAGE_STANDARD = "gnu++14";
				CLANG_CXX_LIBRARY = "libc++";
				CLANG_ENABLE_MODULES = YES;
				CLANG_ENABLE_OBJC_ARC = YES;
				CLANG_ENABLE_OBJC_WEAK = YES;
				CLANG_WARN_BLOCK_CAPTURE_AUTORELEASING = YES;
				CLANG_WARN_BOOL_CONVERSION = YES;
				CLANG_WARN_COMMA = YES;
				CLANG_WARN_CONSTANT_CONVERSION = YES;
				CLANG_WARN_DEPRECATED_OBJC_IMPLEMENTATIONS = YES;
				CLANG_WARN_DIRECT_OBJC_ISA_USAGE = YES_ERROR;
				CLANG_WARN_DOCUMENTATION_COMMENTS = YES;
				CLANG_WARN_EMPTY_BODY = YES;
				CLANG_WARN_ENUM_CONVERSION = YES;
				CLANG_WARN_INFINITE_RECURSION = YES;
				CLANG_WARN_INT_CONVERSION = YES;
				CLANG_WARN_NON_LITERAL_NULL_CONVERSION = YES;
				CLANG_WARN_OBJC_IMPLICIT_RETAIN_SELF = YES;
				CLANG_WARN_OBJC_LITERAL_CONVERSION = YES;
				CLANG_WARN_OBJC_ROOT_CLASS = YES_ERROR;
				CLANG_WARN_QUOTED_INCLUDE_IN_FRAMEWORK_HEADER = YES;
				CLANG_WARN_RANGE_LOOP_ANALYSIS = YES;
				CLANG_WARN_STRICT_PROTOTYPES = YES;
				CLANG_WARN_SUSPICIOUS_MOVE = YES;
				CLANG_WARN_UNGUARDED_AVAILABILITY = YES_AGGRESSIVE;
				CLANG_WARN_UNREACHABLE_CODE = YES;
				CLANG_WARN__DUPLICATE_METHOD_MATCH = YES;
				COPY_PHASE_STRIP = NO;
				DEBUG_INFORMATION_FORMAT = "dwarf-with-dsym";
				ENABLE_NS_ASSERTIONS = NO;
				ENABLE_STRICT_OBJC_MSGSEND = YES;
				GCC_C_LANGUAGE_STANDARD = gnu11;
				GCC_NO_COMMON_BLOCKS = YES;
				GCC_WARN_64_TO_32_BIT_CONVERSION = YES;
				GCC_WARN_ABOUT_RETURN_TYPE = YES_ERROR;
				GCC_WARN_UNDECLARED_SELECTOR = YES;
				GCC_WARN_UNINITIALIZED_AUTOS = YES_AGGRESSIVE;
				GCC_WARN_UNUSED_FUNCTION = YES;
				GCC_WARN_UNUSED_VARIABLE = YES;
				IPHONEOS_DEPLOYMENT_TARGET = 13.0;
				MTL_ENABLE_DEBUG_INFO = NO;
				MTL_FAST_MATH = YES;
				SDKROOT = iphoneos;
				SWIFT_COMPILATION_MODE = wholemodule;
				SWIFT_OPTIMIZATION_LEVEL = "-O";
				VALIDATE_PRODUCT = YES;
			};
			name = Release;
		};
		976BDE65266CA58100E671ED /* Debug */ = {
			isa = XCBuildConfiguration;
			baseConfigurationReference = 08854D02B76F3D2389D769A7 /* Pods-TrisysDemo.debug.xcconfig */;
			buildSettings = {
				ASSETCATALOG_COMPILER_APPICON_NAME = AppIcon;
				ASSETCATALOG_COMPILER_GLOBAL_ACCENT_COLOR_NAME = AccentColor;
				CODE_SIGN_STYLE = Automatic;
				INFOPLIST_FILE = TrisysDemo/Info.plist;
				LD_RUNPATH_SEARCH_PATHS = (
					"$(inherited)",
					"@executable_path/Frameworks",
				);
				MARKETING_VERSION = 1.0.0;
				PRODUCT_BUNDLE_IDENTIFIER = trysys.TrisysDemo;
				PRODUCT_NAME = "$(TARGET_NAME)";
				SWIFT_VERSION = 5.0;
				TARGETED_DEVICE_FAMILY = "1,2";
			};
			name = Debug;
		};
		976BDE66266CA58100E671ED /* Release */ = {
			isa = XCBuildConfiguration;
			baseConfigurationReference = 106B49CCB5C300A4B68935ED /* Pods-TrisysDemo.release.xcconfig */;
			buildSettings = {
				ASSETCATALOG_COMPILER_APPICON_NAME = AppIcon;
				ASSETCATALOG_COMPILER_GLOBAL_ACCENT_COLOR_NAME = AccentColor;
				CODE_SIGN_STYLE = Automatic;
				INFOPLIST_FILE = TrisysDemo/Info.plist;
				LD_RUNPATH_SEARCH_PATHS = (
					"$(inherited)",
					"@executable_path/Frameworks",
				);
				MARKETING_VERSION = 1.0.0;
				PRODUCT_BUNDLE_IDENTIFIER = trysys.TrisysDemo;
				PRODUCT_NAME = "$(TARGET_NAME)";
				SWIFT_VERSION = 5.0;
				TARGETED_DEVICE_FAMILY = "1,2";
			};
			name = Release;
		};
		976BDE68266CA58100E671ED /* Debug */ = {
			isa = XCBuildConfiguration;
			baseConfigurationReference = 50D7B89023A2B84BD32C8FF5 /* Pods-TrisysDemoTests.debug.xcconfig */;
			buildSettings = {
				ALWAYS_EMBED_SWIFT_STANDARD_LIBRARIES = YES;
				BUNDLE_LOADER = "$(TEST_HOST)";
				CODE_SIGN_STYLE = Automatic;
				INFOPLIST_FILE = TrisysDemoTests/Info.plist;
				IPHONEOS_DEPLOYMENT_TARGET = 14.0;
				LD_RUNPATH_SEARCH_PATHS = (
					"$(inherited)",
					"@executable_path/Frameworks",
					"@loader_path/Frameworks",
				);
				PRODUCT_BUNDLE_IDENTIFIER = trysys.TrisysDemoTests;
				PRODUCT_NAME = "$(TARGET_NAME)";
				SWIFT_VERSION = 5.0;
				TARGETED_DEVICE_FAMILY = "1,2";
				TEST_HOST = "$(BUILT_PRODUCTS_DIR)/TrisysDemo.app/TrisysDemo";
			};
			name = Debug;
		};
		976BDE69266CA58100E671ED /* Release */ = {
			isa = XCBuildConfiguration;
			baseConfigurationReference = 3C973BECB2A291754576DF6F /* Pods-TrisysDemoTests.release.xcconfig */;
			buildSettings = {
				ALWAYS_EMBED_SWIFT_STANDARD_LIBRARIES = YES;
				BUNDLE_LOADER = "$(TEST_HOST)";
				CODE_SIGN_STYLE = Automatic;
				INFOPLIST_FILE = TrisysDemoTests/Info.plist;
				IPHONEOS_DEPLOYMENT_TARGET = 14.0;
				LD_RUNPATH_SEARCH_PATHS = (
					"$(inherited)",
					"@executable_path/Frameworks",
					"@loader_path/Frameworks",
				);
				PRODUCT_BUNDLE_IDENTIFIER = trysys.TrisysDemoTests;
				PRODUCT_NAME = "$(TARGET_NAME)";
				SWIFT_VERSION = 5.0;
				TARGETED_DEVICE_FAMILY = "1,2";
				TEST_HOST = "$(BUILT_PRODUCTS_DIR)/TrisysDemo.app/TrisysDemo";
			};
			name = Release;
		};
		976BDE6B266CA58100E671ED /* Debug */ = {
			isa = XCBuildConfiguration;
			baseConfigurationReference = 36906C44DB173B22793CF36C /* Pods-TrisysDemo-TrisysDemoUITests.debug.xcconfig */;
			buildSettings = {
				ALWAYS_EMBED_SWIFT_STANDARD_LIBRARIES = YES;
				CODE_SIGN_STYLE = Automatic;
				INFOPLIST_FILE = TrisysDemoUITests/Info.plist;
				LD_RUNPATH_SEARCH_PATHS = (
					"$(inherited)",
					"@executable_path/Frameworks",
					"@loader_path/Frameworks",
				);
				PRODUCT_BUNDLE_IDENTIFIER = trysys.TrisysDemoUITests;
				PRODUCT_NAME = "$(TARGET_NAME)";
				SWIFT_VERSION = 5.0;
				TARGETED_DEVICE_FAMILY = "1,2";
				TEST_TARGET_NAME = TrisysDemo;
			};
			name = Debug;
		};
		976BDE6C266CA58100E671ED /* Release */ = {
			isa = XCBuildConfiguration;
			baseConfigurationReference = 7D882D62F36E9682E9261913 /* Pods-TrisysDemo-TrisysDemoUITests.release.xcconfig */;
			buildSettings = {
				ALWAYS_EMBED_SWIFT_STANDARD_LIBRARIES = YES;
				CODE_SIGN_STYLE = Automatic;
				INFOPLIST_FILE = TrisysDemoUITests/Info.plist;
				LD_RUNPATH_SEARCH_PATHS = (
					"$(inherited)",
					"@executable_path/Frameworks",
					"@loader_path/Frameworks",
				);
				PRODUCT_BUNDLE_IDENTIFIER = trysys.TrisysDemoUITests;
				PRODUCT_NAME = "$(TARGET_NAME)";
				SWIFT_VERSION = 5.0;
				TARGETED_DEVICE_FAMILY = "1,2";
				TEST_TARGET_NAME = TrisysDemo;
			};
			name = Release;
		};
/* End XCBuildConfiguration section */

/* Begin XCConfigurationList section */
		976BDE35266CA57F00E671ED /* Build configuration list for PBXProject "TrisysDemo" */ = {
			isa = XCConfigurationList;
			buildConfigurations = (
				976BDE62266CA58100E671ED /* Debug */,
				976BDE63266CA58100E671ED /* Release */,
			);
			defaultConfigurationIsVisible = 0;
			defaultConfigurationName = Release;
		};
		976BDE64266CA58100E671ED /* Build configuration list for PBXNativeTarget "TrisysDemo" */ = {
			isa = XCConfigurationList;
			buildConfigurations = (
				976BDE65266CA58100E671ED /* Debug */,
				976BDE66266CA58100E671ED /* Release */,
			);
			defaultConfigurationIsVisible = 0;
			defaultConfigurationName = Release;
		};
		976BDE67266CA58100E671ED /* Build configuration list for PBXNativeTarget "TrisysDemoTests" */ = {
			isa = XCConfigurationList;
			buildConfigurations = (
				976BDE68266CA58100E671ED /* Debug */,
				976BDE69266CA58100E671ED /* Release */,
			);
			defaultConfigurationIsVisible = 0;
			defaultConfigurationName = Release;
		};
		976BDE6A266CA58100E671ED /* Build configuration list for PBXNativeTarget "TrisysDemoUITests" */ = {
			isa = XCConfigurationList;
			buildConfigurations = (
				976BDE6B266CA58100E671ED /* Debug */,
				976BDE6C266CA58100E671ED /* Release */,
			);
			defaultConfigurationIsVisible = 0;
			defaultConfigurationName = Release;
		};
/* End XCConfigurationList section */
	};
	rootObject = 976BDE32266CA57F00E671ED /* Project object */;
}
